
Microsoft Visual Studio Solution File, Format Version 12.00
# Visual Studio Version 17
VisualStudioVersion = 17.14.36401.2 d17.14
MinimumVisualStudioVersion = 10.0.40219.1
Project("{FAE04EC0-301F-11D3-BF4B-00C04F79EFBC}") = "Csharp_GuessWordGame", "GuessTheWord\Csharp_GuessWordGame.csproj", "{51DFD711-E552-4562-84AA-5EB5941B3BDE}"
EndProject
Global
	GlobalSection(SolutionConfigurationPlatforms) = preSolution
		Debug|Any CPU = Debug|Any CPU
		Release|Any CPU = Release|Any CPU
	EndGlobalSection
	GlobalSection(ProjectConfigurationPlatforms) = postSolution
		{51DFD711-E552-4562-84AA-5EB5941B3BDE}.Debug|Any CPU.ActiveCfg = Debug|Any CPU
		{51DFD711-E552-4562-84AA-5EB5941B3BDE}.Debug|Any CPU.Build.0 = Debug|Any CPU
		{51DFD711-E552-4562-84AA-5EB5941B3BDE}.Release|Any CPU.ActiveCfg = Release|Any CPU
		{51DFD711-E552-4562-84AA-5EB5941B3BDE}.Release|Any CPU.Build.0 = Release|Any CPU
	EndGlobalSection
	GlobalSection(SolutionProperties) = preSolution
		HideSolutionNode = FALSE
	EndGlobalSection
	GlobalSection(ExtensibilityGlobals) = postSolution
		SolutionGuid = {B2D74753-5FD6-4A9A-AB66-1D8BF536A40F}
	EndGlobalSection
EndGlobal
